// !$*UTF8*$!
{
	archiveVersion = 1;
	classes = {
	};
	objectVersion = 56;
	objects = {

/* Begin PBXBuildFile section */
		B539C49B2BB70D3D009D4570 /* Configuration.swift in Sources */ = {isa = PBXBuildFile; fileRef = B539C49A2BB70D3D009D4570 /* Configuration.swift */; };
		B59B8B1F2BB326A300D739DA /* Coordinator.swift in Sources */ = {isa = PBXBuildFile; fileRef = B59B8B1E2BB326A300D739DA /* Coordinator.swift */; };
		B59B8B212BB326BB00D739DA /* AppCoordinator.swift in Sources */ = {isa = PBXBuildFile; fileRef = B59B8B202BB326BB00D739DA /* AppCoordinator.swift */; };
		B59B8B2B2BB327C400D739DA /* FirstViewController.swift in Sources */ = {isa = PBXBuildFile; fileRef = B59B8B2A2BB327C400D739DA /* FirstViewController.swift */; };
		B59B8B2D2BB327CF00D739DA /* SecondViewController.swift in Sources */ = {isa = PBXBuildFile; fileRef = B59B8B2C2BB327CF00D739DA /* SecondViewController.swift */; };
		B59B8B2F2BB4036700D739DA /* TabBarCoordinator.swift in Sources */ = {isa = PBXBuildFile; fileRef = B59B8B2E2BB4036700D739DA /* TabBarCoordinator.swift */; };
		B59B8B312BB404B600D739DA /* FirstViewModel.swift in Sources */ = {isa = PBXBuildFile; fileRef = B59B8B302BB404B600D739DA /* FirstViewModel.swift */; };
		B59B8B332BB404BF00D739DA /* SecondViewModel.swift in Sources */ = {isa = PBXBuildFile; fileRef = B59B8B322BB404BF00D739DA /* SecondViewModel.swift */; };
		B59B8B382BB4167300D739DA /* FirstViewCoordinatorProtocol.swift in Sources */ = {isa = PBXBuildFile; fileRef = B59B8B372BB4167300D739DA /* FirstViewCoordinatorProtocol.swift */; };
		B59B8B3C2BB4169D00D739DA /* SecondViewCoordinatorProtocol.swift in Sources */ = {isa = PBXBuildFile; fileRef = B59B8B3B2BB4169D00D739DA /* SecondViewCoordinatorProtocol.swift */; };
		B59B8B3E2BB416AA00D739DA /* FirstViewCoordinator.swift in Sources */ = {isa = PBXBuildFile; fileRef = B59B8B3D2BB416AA00D739DA /* FirstViewCoordinator.swift */; };
		B59B8B402BB416B500D739DA /* SecondViewCoordinator.swift in Sources */ = {isa = PBXBuildFile; fileRef = B59B8B3F2BB416B500D739DA /* SecondViewCoordinator.swift */; };
		B59B8B4B2BB43A3C00D739DA /* TabBarType.swift in Sources */ = {isa = PBXBuildFile; fileRef = B59B8B4A2BB43A3C00D739DA /* TabBarType.swift */; };
		B59B8B4F2BB561DF00D739DA /* CoordinatorType.swift in Sources */ = {isa = PBXBuildFile; fileRef = B59B8B4E2BB561DF00D739DA /* CoordinatorType.swift */; };
		B59B8B512BB579F600D739DA /* CoordinatorProviderProtocol.swift in Sources */ = {isa = PBXBuildFile; fileRef = B59B8B502BB579F600D739DA /* CoordinatorProviderProtocol.swift */; };
		B59B8B532BB57B9D00D739DA /* CoordinatorProvider.swift in Sources */ = {isa = PBXBuildFile; fileRef = B59B8B522BB57B9D00D739DA /* CoordinatorProvider.swift */; };
		B5A43B232BB3210300CEC050 /* AppDelegate.swift in Sources */ = {isa = PBXBuildFile; fileRef = B5A43B222BB3210300CEC050 /* AppDelegate.swift */; };
		B5A43B252BB3210300CEC050 /* SceneDelegate.swift in Sources */ = {isa = PBXBuildFile; fileRef = B5A43B242BB3210300CEC050 /* SceneDelegate.swift */; };
		B5A43B2C2BB3210500CEC050 /* Assets.xcassets in Resources */ = {isa = PBXBuildFile; fileRef = B5A43B2B2BB3210500CEC050 /* Assets.xcassets */; };
		B5A43B2F2BB3210500CEC050 /* LaunchScreen.storyboard in Resources */ = {isa = PBXBuildFile; fileRef = B5A43B2D2BB3210500CEC050 /* LaunchScreen.storyboard */; };
/* End PBXBuildFile section */

/* Begin PBXFileReference section */
		B539C49A2BB70D3D009D4570 /* Configuration.swift */ = {isa = PBXFileReference; lastKnownFileType = sourcecode.swift; path = Configuration.swift; sourceTree = "<group>"; };
		B59B8B1E2BB326A300D739DA /* Coordinator.swift */ = {isa = PBXFileReference; lastKnownFileType = sourcecode.swift; path = Coordinator.swift; sourceTree = "<group>"; };
		B59B8B202BB326BB00D739DA /* AppCoordinator.swift */ = {isa = PBXFileReference; lastKnownFileType = sourcecode.swift; path = AppCoordinator.swift; sourceTree = "<group>"; };
		B59B8B2A2BB327C400D739DA /* FirstViewController.swift */ = {isa = PBXFileReference; lastKnownFileType = sourcecode.swift; path = FirstViewController.swift; sourceTree = "<group>"; };
		B59B8B2C2BB327CF00D739DA /* SecondViewController.swift */ = {isa = PBXFileReference; lastKnownFileType = sourcecode.swift; path = SecondViewController.swift; sourceTree = "<group>"; };
		B59B8B2E2BB4036700D739DA /* TabBarCoordinator.swift */ = {isa = PBXFileReference; lastKnownFileType = sourcecode.swift; path = TabBarCoordinator.swift; sourceTree = "<group>"; };
		B59B8B302BB404B600D739DA /* FirstViewModel.swift */ = {isa = PBXFileReference; lastKnownFileType = sourcecode.swift; path = FirstViewModel.swift; sourceTree = "<group>"; };
		B59B8B322BB404BF00D739DA /* SecondViewModel.swift */ = {isa = PBXFileReference; lastKnownFileType = sourcecode.swift; path = SecondViewModel.swift; sourceTree = "<group>"; };
		B59B8B372BB4167300D739DA /* FirstViewCoordinatorProtocol.swift */ = {isa = PBXFileReference; lastKnownFileType = sourcecode.swift; path = FirstViewCoordinatorProtocol.swift; sourceTree = "<group>"; };
		B59B8B3B2BB4169D00D739DA /* SecondViewCoordinatorProtocol.swift */ = {isa = PBXFileReference; lastKnownFileType = sourcecode.swift; path = SecondViewCoordinatorProtocol.swift; sourceTree = "<group>"; };
		B59B8B3D2BB416AA00D739DA /* FirstViewCoordinator.swift */ = {isa = PBXFileReference; lastKnownFileType = sourcecode.swift; path = FirstViewCoordinator.swift; sourceTree = "<group>"; };
		B59B8B3F2BB416B500D739DA /* SecondViewCoordinator.swift */ = {isa = PBXFileReference; lastKnownFileType = sourcecode.swift; path = SecondViewCoordinator.swift; sourceTree = "<group>"; };
		B59B8B4A2BB43A3C00D739DA /* TabBarType.swift */ = {isa = PBXFileReference; lastKnownFileType = sourcecode.swift; path = TabBarType.swift; sourceTree = "<group>"; };
		B59B8B4E2BB561DF00D739DA /* CoordinatorType.swift */ = {isa = PBXFileReference; lastKnownFileType = sourcecode.swift; path = CoordinatorType.swift; sourceTree = "<group>"; };
		B59B8B502BB579F600D739DA /* CoordinatorProviderProtocol.swift */ = {isa = PBXFileReference; lastKnownFileType = sourcecode.swift; path = CoordinatorProviderProtocol.swift; sourceTree = "<group>"; };
		B59B8B522BB57B9D00D739DA /* CoordinatorProvider.swift */ = {isa = PBXFileReference; lastKnownFileType = sourcecode.swift; path = CoordinatorProvider.swift; sourceTree = "<group>"; };
		B5A43B1F2BB3210300CEC050 /* iOS-UIKit-Coordinator.app */ = {isa = PBXFileReference; explicitFileType = wrapper.application; includeInIndex = 0; path = "iOS-UIKit-Coordinator.app"; sourceTree = BUILT_PRODUCTS_DIR; };
		B5A43B222BB3210300CEC050 /* AppDelegate.swift */ = {isa = PBXFileReference; lastKnownFileType = sourcecode.swift; path = AppDelegate.swift; sourceTree = "<group>"; };
		B5A43B242BB3210300CEC050 /* SceneDelegate.swift */ = {isa = PBXFileReference; lastKnownFileType = sourcecode.swift; path = SceneDelegate.swift; sourceTree = "<group>"; };
		B5A43B2B2BB3210500CEC050 /* Assets.xcassets */ = {isa = PBXFileReference; lastKnownFileType = folder.assetcatalog; path = Assets.xcassets; sourceTree = "<group>"; };
		B5A43B2E2BB3210500CEC050 /* Base */ = {isa = PBXFileReference; lastKnownFileType = file.storyboard; name = Base; path = Base.lproj/LaunchScreen.storyboard; sourceTree = "<group>"; };
		B5A43B302BB3210500CEC050 /* Info.plist */ = {isa = PBXFileReference; lastKnownFileType = text.plist.xml; path = Info.plist; sourceTree = "<group>"; };
/* End PBXFileReference section */

/* Begin PBXFrameworksBuildPhase section */
		B5A43B1C2BB3210300CEC050 /* Frameworks */ = {
			isa = PBXFrameworksBuildPhase;
			buildActionMask = 2147483647;
			files = (
			);
			runOnlyForDeploymentPostprocessing = 0;
		};
/* End PBXFrameworksBuildPhase section */

/* Begin PBXGroup section */
		B59B8B1D2BB3269600D739DA /* BaseCoordinator */ = {
			isa = PBXGroup;
			children = (
				B59B8B1E2BB326A300D739DA /* Coordinator.swift */,
				B59B8B4E2BB561DF00D739DA /* CoordinatorType.swift */,
				B59B8B502BB579F600D739DA /* CoordinatorProviderProtocol.swift */,
				B59B8B522BB57B9D00D739DA /* CoordinatorProvider.swift */,
				B59B8B202BB326BB00D739DA /* AppCoordinator.swift */,
			);
			path = BaseCoordinator;
			sourceTree = "<group>";
		};
		B59B8B222BB326C300D739DA /* Presentation */ = {
			isa = PBXGroup;
			children = (
				B59B8B342BB405A500D739DA /* TabBar */,
				B59B8B272BB3277900D739DA /* FirstView */,
				B59B8B282BB3279400D739DA /* SecondView */,
			);
			path = Presentation;
			sourceTree = "<group>";
		};
		B59B8B242BB3274200D739DA /* Application */ = {
			isa = PBXGroup;
			children = (
				B5A43B222BB3210300CEC050 /* AppDelegate.swift */,
				B5A43B242BB3210300CEC050 /* SceneDelegate.swift */,
				B539C49A2BB70D3D009D4570 /* Configuration.swift */,
			);
			path = Application;
			sourceTree = "<group>";
		};
		B59B8B272BB3277900D739DA /* FirstView */ = {
			isa = PBXGroup;
			children = (
				B59B8B392BB4167B00D739DA /* Coordinator */,
				B59B8B412BB416F100D739DA /* ViewModel */,
				B59B8B442BB4170F00D739DA /* View */,
			);
			path = FirstView;
			sourceTree = "<group>";
		};
		B59B8B282BB3279400D739DA /* SecondView */ = {
			isa = PBXGroup;
			children = (
				B59B8B3A2BB4168100D739DA /* Coordinator */,
				B59B8B422BB4170000D739DA /* ViewModel */,
				B59B8B432BB4170700D739DA /* View */,
			);
			path = SecondView;
			sourceTree = "<group>";
		};
		B59B8B342BB405A500D739DA /* TabBar */ = {
			isa = PBXGroup;
			children = (
				B59B8B4A2BB43A3C00D739DA /* TabBarType.swift */,
				B59B8B2E2BB4036700D739DA /* TabBarCoordinator.swift */,
			);
			path = TabBar;
			sourceTree = "<group>";
		};
		B59B8B392BB4167B00D739DA /* Coordinator */ = {
			isa = PBXGroup;
			children = (
				B59B8B372BB4167300D739DA /* FirstViewCoordinatorProtocol.swift */,
				B59B8B3D2BB416AA00D739DA /* FirstViewCoordinator.swift */,
			);
			path = Coordinator;
			sourceTree = "<group>";
		};
		B59B8B3A2BB4168100D739DA /* Coordinator */ = {
			isa = PBXGroup;
			children = (
				B59B8B3B2BB4169D00D739DA /* SecondViewCoordinatorProtocol.swift */,
				B59B8B3F2BB416B500D739DA /* SecondViewCoordinator.swift */,
			);
			path = Coordinator;
			sourceTree = "<group>";
		};
		B59B8B412BB416F100D739DA /* ViewModel */ = {
			isa = PBXGroup;
			children = (
				B59B8B302BB404B600D739DA /* FirstViewModel.swift */,
			);
			path = ViewModel;
			sourceTree = "<group>";
		};
		B59B8B422BB4170000D739DA /* ViewModel */ = {
			isa = PBXGroup;
			children = (
				B59B8B322BB404BF00D739DA /* SecondViewModel.swift */,
			);
			path = ViewModel;
			sourceTree = "<group>";
		};
		B59B8B432BB4170700D739DA /* View */ = {
			isa = PBXGroup;
			children = (
				B59B8B2C2BB327CF00D739DA /* SecondViewController.swift */,
			);
			path = View;
			sourceTree = "<group>";
		};
		B59B8B442BB4170F00D739DA /* View */ = {
			isa = PBXGroup;
			children = (
				B59B8B2A2BB327C400D739DA /* FirstViewController.swift */,
			);
			path = View;
			sourceTree = "<group>";
		};
		B5A43B162BB3210300CEC050 = {
			isa = PBXGroup;
			children = (
				B5A43B212BB3210300CEC050 /* iOS-UIKit-Coordinator */,
				B5A43B202BB3210300CEC050 /* Products */,
			);
			sourceTree = "<group>";
		};
		B5A43B202BB3210300CEC050 /* Products */ = {
			isa = PBXGroup;
			children = (
				B5A43B1F2BB3210300CEC050 /* iOS-UIKit-Coordinator.app */,
			);
			name = Products;
			sourceTree = "<group>";
		};
		B5A43B212BB3210300CEC050 /* iOS-UIKit-Coordinator */ = {
			isa = PBXGroup;
			children = (
				B59B8B242BB3274200D739DA /* Application */,
				B59B8B1D2BB3269600D739DA /* BaseCoordinator */,
				B59B8B222BB326C300D739DA /* Presentation */,
				B5A43B2B2BB3210500CEC050 /* Assets.xcassets */,
				B5A43B2D2BB3210500CEC050 /* LaunchScreen.storyboard */,
				B5A43B302BB3210500CEC050 /* Info.plist */,
			);
			path = "iOS-UIKit-Coordinator";
			sourceTree = "<group>";
		};
/* End PBXGroup section */

/* Begin PBXNativeTarget section */
		B5A43B1E2BB3210300CEC050 /* iOS-UIKit-Coordinator */ = {
			isa = PBXNativeTarget;
			buildConfigurationList = B5A43B332BB3210500CEC050 /* Build configuration list for PBXNativeTarget "iOS-UIKit-Coordinator" */;
			buildPhases = (
				B5A43B1B2BB3210300CEC050 /* Sources */,
				B5A43B1C2BB3210300CEC050 /* Frameworks */,
				B5A43B1D2BB3210300CEC050 /* Resources */,
			);
			buildRules = (
			);
			dependencies = (
			);
			name = "iOS-UIKit-Coordinator";
			productName = "iOS-UIKit-Coordinator";
			productReference = B5A43B1F2BB3210300CEC050 /* iOS-UIKit-Coordinator.app */;
			productType = "com.apple.product-type.application";
		};
/* End PBXNativeTarget section */

/* Begin PBXProject section */
		B5A43B172BB3210300CEC050 /* Project object */ = {
			isa = PBXProject;
			attributes = {
				BuildIndependentTargetsInParallel = 1;
				LastSwiftUpdateCheck = 1510;
				LastUpgradeCheck = 1510;
				TargetAttributes = {
					B5A43B1E2BB3210300CEC050 = {
						CreatedOnToolsVersion = 15.1;
					};
				};
			};
			buildConfigurationList = B5A43B1A2BB3210300CEC050 /* Build configuration list for PBXProject "iOS-UIKit-Coordinator" */;
			compatibilityVersion = "Xcode 14.0";
			developmentRegion = en;
			hasScannedForEncodings = 0;
			knownRegions = (
				en,
				Base,
			);
			mainGroup = B5A43B162BB3210300CEC050;
			productRefGroup = B5A43B202BB3210300CEC050 /* Products */;
			projectDirPath = "";
			projectRoot = "";
			targets = (
				B5A43B1E2BB3210300CEC050 /* iOS-UIKit-Coordinator */,
			);
		};
/* End PBXProject section */

/* Begin PBXResourcesBuildPhase section */
		B5A43B1D2BB3210300CEC050 /* Resources */ = {
			isa = PBXResourcesBuildPhase;
			buildActionMask = 2147483647;
			files = (
				B5A43B2F2BB3210500CEC050 /* LaunchScreen.storyboard in Resources */,
				B5A43B2C2BB3210500CEC050 /* Assets.xcassets in Resources */,
			);
			runOnlyForDeploymentPostprocessing = 0;
		};
/* End PBXResourcesBuildPhase section */

/* Begin PBXSourcesBuildPhase section */
		B5A43B1B2BB3210300CEC050 /* Sources */ = {
			isa = PBXSourcesBuildPhase;
			buildActionMask = 2147483647;
			files = (
				B59B8B2D2BB327CF00D739DA /* SecondViewController.swift in Sources */,
				B59B8B332BB404BF00D739DA /* SecondViewModel.swift in Sources */,
				B59B8B532BB57B9D00D739DA /* CoordinatorProvider.swift in Sources */,
				B59B8B2B2BB327C400D739DA /* FirstViewController.swift in Sources */,
				B59B8B512BB579F600D739DA /* CoordinatorProviderProtocol.swift in Sources */,
				B59B8B382BB4167300D739DA /* FirstViewCoordinatorProtocol.swift in Sources */,
				B59B8B1F2BB326A300D739DA /* Coordinator.swift in Sources */,
				B59B8B312BB404B600D739DA /* FirstViewModel.swift in Sources */,
				B59B8B402BB416B500D739DA /* SecondViewCoordinator.swift in Sources */,
				B59B8B3C2BB4169D00D739DA /* SecondViewCoordinatorProtocol.swift in Sources */,
				B59B8B4B2BB43A3C00D739DA /* TabBarType.swift in Sources */,
				B59B8B2F2BB4036700D739DA /* TabBarCoordinator.swift in Sources */,
				B539C49B2BB70D3D009D4570 /* Configuration.swift in Sources */,
				B59B8B212BB326BB00D739DA /* AppCoordinator.swift in Sources */,
				B5A43B232BB3210300CEC050 /* AppDelegate.swift in Sources */,
				B5A43B252BB3210300CEC050 /* SceneDelegate.swift in Sources */,
				B59B8B3E2BB416AA00D739DA /* FirstViewCoordinator.swift in Sources */,
				B59B8B4F2BB561DF00D739DA /* CoordinatorType.swift in Sources */,
			);
			runOnlyForDeploymentPostprocessing = 0;
		};
/* End PBXSourcesBuildPhase section */

/* Begin PBXVariantGroup section */
		B5A43B2D2BB3210500CEC050 /* LaunchScreen.storyboard */ = {
			isa = PBXVariantGroup;
			children = (
				B5A43B2E2BB3210500CEC050 /* Base */,
			);
			name = LaunchScreen.storyboard;
			sourceTree = "<group>";
		};
/* End PBXVariantGroup section */

/* Begin XCBuildConfiguration section */
		B5A43B312BB3210500CEC050 /* Debug */ = {
			isa = XCBuildConfiguration;
			buildSettings = {
				ALWAYS_SEARCH_USER_PATHS = NO;
				ASSETCATALOG_COMPILER_GENERATE_SWIFT_ASSET_SYMBOL_EXTENSIONS = YES;
				CLANG_ANALYZER_NONNULL = YES;
				CLANG_ANALYZER_NUMBER_OBJECT_CONVERSION = YES_AGGRESSIVE;
				CLANG_CXX_LANGUAGE_STANDARD = "gnu++20";
				CLANG_ENABLE_MODULES = YES;
				CLANG_ENABLE_OBJC_ARC = YES;
				CLANG_ENABLE_OBJC_WEAK = YES;
				CLANG_WARN_BLOCK_CAPTURE_AUTORELEASING = YES;
				CLANG_WARN_BOOL_CONVERSION = YES;
				CLANG_WARN_COMMA = YES;
				CLANG_WARN_CONSTANT_CONVERSION = YES;
				CLANG_WARN_DEPRECATED_OBJC_IMPLEMENTATIONS = YES;
				CLANG_WARN_DIRECT_OBJC_ISA_USAGE = YES_ERROR;
				CLANG_WARN_DOCUMENTATION_COMMENTS = YES;
				CLANG_WARN_EMPTY_BODY = YES;
				CLANG_WARN_ENUM_CONVERSION = YES;
				CLANG_WARN_INFINITE_RECURSION = YES;
				CLANG_WARN_INT_CONVERSION = YES;
				CLANG_WARN_NON_LITERAL_NULL_CONVERSION = YES;
				CLANG_WARN_OBJC_IMPLICIT_RETAIN_SELF = YES;
				CLANG_WARN_OBJC_LITERAL_CONVERSION = YES;
				CLANG_WARN_OBJC_ROOT_CLASS = YES_ERROR;
				CLANG_WARN_QUOTED_INCLUDE_IN_FRAMEWORK_HEADER = YES;
				CLANG_WARN_RANGE_LOOP_ANALYSIS = YES;
				CLANG_WARN_STRICT_PROTOTYPES = YES;
				CLANG_WARN_SUSPICIOUS_MOVE = YES;
				CLANG_WARN_UNGUARDED_AVAILABILITY = YES_AGGRESSIVE;
				CLANG_WARN_UNREACHABLE_CODE = YES;
				CLANG_WARN__DUPLICATE_METHOD_MATCH = YES;
				COPY_PHASE_STRIP = NO;
				DEBUG_INFORMATION_FORMAT = dwarf;
				ENABLE_STRICT_OBJC_MSGSEND = YES;
				ENABLE_TESTABILITY = YES;
				ENABLE_USER_SCRIPT_SANDBOXING = YES;
				GCC_C_LANGUAGE_STANDARD = gnu17;
				GCC_DYNAMIC_NO_PIC = NO;
				GCC_NO_COMMON_BLOCKS = YES;
				GCC_OPTIMIZATION_LEVEL = 0;
				GCC_PREPROCESSOR_DEFINITIONS = (
					"DEBUG=1",
					"$(inherited)",
				);
				GCC_WARN_64_TO_32_BIT_CONVERSION = YES;
				GCC_WARN_ABOUT_RETURN_TYPE = YES_ERROR;
				GCC_WARN_UNDECLARED_SELECTOR = YES;
				GCC_WARN_UNINITIALIZED_AUTOS = YES_AGGRESSIVE;
				GCC_WARN_UNUSED_FUNCTION = YES;
				GCC_WARN_UNUSED_VARIABLE = YES;
				IPHONEOS_DEPLOYMENT_TARGET = 17.2;
				LOCALIZATION_PREFERS_STRING_CATALOGS = YES;
				MTL_ENABLE_DEBUG_INFO = INCLUDE_SOURCE;
				MTL_FAST_MATH = YES;
				ONLY_ACTIVE_ARCH = YES;
				SDKROOT = iphoneos;
				SWIFT_ACTIVE_COMPILATION_CONDITIONS = "DEBUG $(inherited)";
				SWIFT_OPTIMIZATION_LEVEL = "-Onone";
			};
			name = Debug;
		};
		B5A43B322BB3210500CEC050 /* Release */ = {
			isa = XCBuildConfiguration;
			buildSettings = {
				ALWAYS_SEARCH_USER_PATHS = NO;
				ASSETCATALOG_COMPILER_GENERATE_SWIFT_ASSET_SYMBOL_EXTENSIONS = YES;
				CLANG_ANALYZER_NONNULL = YES;
				CLANG_ANALYZER_NUMBER_OBJECT_CONVERSION = YES_AGGRESSIVE;
				CLANG_CXX_LANGUAGE_STANDARD = "gnu++20";
				CLANG_ENABLE_MODULES = YES;
				CLANG_ENABLE_OBJC_ARC = YES;
				CLANG_ENABLE_OBJC_WEAK = YES;
				CLANG_WARN_BLOCK_CAPTURE_AUTORELEASING = YES;
				CLANG_WARN_BOOL_CONVERSION = YES;
				CLANG_WARN_COMMA = YES;
				CLANG_WARN_CONSTANT_CONVERSION = YES;
				CLANG_WARN_DEPRECATED_OBJC_IMPLEMENTATIONS = YES;
				CLANG_WARN_DIRECT_OBJC_ISA_USAGE = YES_ERROR;
				CLANG_WARN_DOCUMENTATION_COMMENTS = YES;
				CLANG_WARN_EMPTY_BODY = YES;
				CLANG_WARN_ENUM_CONVERSION = YES;
				CLANG_WARN_INFINITE_RECURSION = YES;
				CLANG_WARN_INT_CONVERSION = YES;
				CLANG_WARN_NON_LITERAL_NULL_CONVERSION = YES;
				CLANG_WARN_OBJC_IMPLICIT_RETAIN_SELF = YES;
				CLANG_WARN_OBJC_LITERAL_CONVERSION = YES;
				CLANG_WARN_OBJC_ROOT_CLASS = YES_ERROR;
				CLANG_WARN_QUOTED_INCLUDE_IN_FRAMEWORK_HEADER = YES;
				CLANG_WARN_RANGE_LOOP_ANALYSIS = YES;
				CLANG_WARN_STRICT_PROTOTYPES = YES;
				CLANG_WARN_SUSPICIOUS_MOVE = YES;
				CLANG_WARN_UNGUARDED_AVAILABILITY = YES_AGGRESSIVE;
				CLANG_WARN_UNREACHABLE_CODE = YES;
				CLANG_WARN__DUPLICATE_METHOD_MATCH = YES;
				COPY_PHASE_STRIP = NO;
				DEBUG_INFORMATION_FORMAT = "dwarf-with-dsym";
				ENABLE_NS_ASSERTIONS = NO;
				ENABLE_STRICT_OBJC_MSGSEND = YES;
				ENABLE_USER_SCRIPT_SANDBOXING = YES;
				GCC_C_LANGUAGE_STANDARD = gnu17;
				GCC_NO_COMMON_BLOCKS = YES;
				GCC_WARN_64_TO_32_BIT_CONVERSION = YES;
				GCC_WARN_ABOUT_RETURN_TYPE = YES_ERROR;
				GCC_WARN_UNDECLARED_SELECTOR = YES;
				GCC_WARN_UNINITIALIZED_AUTOS = YES_AGGRESSIVE;
				GCC_WARN_UNUSED_FUNCTION = YES;
				GCC_WARN_UNUSED_VARIABLE = YES;
				IPHONEOS_DEPLOYMENT_TARGET = 17.2;
				LOCALIZATION_PREFERS_STRING_CATALOGS = YES;
				MTL_ENABLE_DEBUG_INFO = NO;
				MTL_FAST_MATH = YES;
				SDKROOT = iphoneos;
				SWIFT_COMPILATION_MODE = wholemodule;
				VALIDATE_PRODUCT = YES;
			};
			name = Release;
		};
		B5A43B342BB3210500CEC050 /* Debug */ = {
			isa = XCBuildConfiguration;
			buildSettings = {
				ASSETCATALOG_COMPILER_APPICON_NAME = AppIcon;
				ASSETCATALOG_COMPILER_GLOBAL_ACCENT_COLOR_NAME = AccentColor;
				CODE_SIGN_STYLE = Automatic;
				CURRENT_PROJECT_VERSION = 1;
				DEVELOPMENT_TEAM = 2V72T39FKF;
				GENERATE_INFOPLIST_FILE = YES;
				INFOPLIST_FILE = "iOS-UIKit-Coordinator/Info.plist";
				INFOPLIST_KEY_UIApplicationSupportsIndirectInputEvents = YES;
				INFOPLIST_KEY_UILaunchStoryboardName = LaunchScreen;
				INFOPLIST_KEY_UISupportedInterfaceOrientations_iPad = "UIInterfaceOrientationPortrait UIInterfaceOrientationPortraitUpsideDown UIInterfaceOrientationLandscapeLeft UIInterfaceOrientationLandscapeRight";
				INFOPLIST_KEY_UISupportedInterfaceOrientations_iPhone = "UIInterfaceOrientationPortrait UIInterfaceOrientationLandscapeLeft UIInterfaceOrientationLandscapeRight";
				LD_RUNPATH_SEARCH_PATHS = (
					"$(inherited)",
					"@executable_path/Frameworks",
				);
				MARKETING_VERSION = 1.0;
				PRODUCT_BUNDLE_IDENTIFIER = "com.muker.iOS-UIKit-Coordinator";
				PRODUCT_NAME = "$(TARGET_NAME)";
				SWIFT_EMIT_LOC_STRINGS = YES;
				SWIFT_VERSION = 5.0;
				TARGETED_DEVICE_FAMILY = "1,2";
			};
			name = Debug;
		};
		B5A43B352BB3210500CEC050 /* Release */ = {
			isa = XCBuildConfiguration;
			buildSettings = {
				ASSETCATALOG_COMPILER_APPICON_NAME = AppIcon;
				ASSETCATALOG_COMPILER_GLOBAL_ACCENT_COLOR_NAME = AccentColor;
				CODE_SIGN_STYLE = Automatic;
				CURRENT_PROJECT_VERSION = 1;
				DEVELOPMENT_TEAM = 2V72T39FKF;
				GENERATE_INFOPLIST_FILE = YES;
				INFOPLIST_FILE = "iOS-UIKit-Coordinator/Info.plist";
				INFOPLIST_KEY_UIApplicationSupportsIndirectInputEvents = YES;
				INFOPLIST_KEY_UILaunchStoryboardName = LaunchScreen;
				INFOPLIST_KEY_UISupportedInterfaceOrientations_iPad = "UIInterfaceOrientationPortrait UIInterfaceOrientationPortraitUpsideDown UIInterfaceOrientationLandscapeLeft UIInterfaceOrientationLandscapeRight";
				INFOPLIST_KEY_UISupportedInterfaceOrientations_iPhone = "UIInterfaceOrientationPortrait UIInterfaceOrientationLandscapeLeft UIInterfaceOrientationLandscapeRight";
				LD_RUNPATH_SEARCH_PATHS = (
					"$(inherited)",
					"@executable_path/Frameworks",
				);
				MARKETING_VERSION = 1.0;
				PRODUCT_BUNDLE_IDENTIFIER = "com.muker.iOS-UIKit-Coordinator";
				PRODUCT_NAME = "$(TARGET_NAME)";
				SWIFT_EMIT_LOC_STRINGS = YES;
				SWIFT_VERSION = 5.0;
				TARGETED_DEVICE_FAMILY = "1,2";
			};
			name = Release;
		};
/* End XCBuildConfiguration section */

/* Begin XCConfigurationList section */
		B5A43B1A2BB3210300CEC050 /* Build configuration list for PBXProject "iOS-UIKit-Coordinator" */ = {
			isa = XCConfigurationList;
			buildConfigurations = (
				B5A43B312BB3210500CEC050 /* Debug */,
				B5A43B322BB3210500CEC050 /* Release */,
			);
			defaultConfigurationIsVisible = 0;
			defaultConfigurationName = Release;
		};
		B5A43B332BB3210500CEC050 /* Build configuration list for PBXNativeTarget "iOS-UIKit-Coordinator" */ = {
			isa = XCConfigurationList;
			buildConfigurations = (
				B5A43B342BB3210500CEC050 /* Debug */,
				B5A43B352BB3210500CEC050 /* Release */,
			);
			defaultConfigurationIsVisible = 0;
			defaultConfigurationName = Release;
		};
/* End XCConfigurationList section */
	};
	rootObject = B5A43B172BB3210300CEC050 /* Project object */;
}
